
Microsoft Visual Studio Solution File, Format Version 12.00
# Visual Studio 15
VisualStudioVersion = 15.0.28307.168
MinimumVisualStudioVersion = 10.0.40219.1
Project("{FAE04EC0-301F-11D3-BF4B-00C04F79EFBC}") = "JsonFileWebApi", "JsonFileWebApi\JsonFileWebApi.csproj", "{50C499BA-59D0-4719-A003-F2B8B34F471F}"
EndProject
Global
	GlobalSection(Performance) = preSolution
		HasPerformanceSessions = true
	EndGlobalSection
	GlobalSection(SolutionConfigurationPlatforms) = preSolution
		Debug|Any CPU = Debug|Any CPU
		Release|Any CPU = Release|Any CPU
	EndGlobalSection
	GlobalSection(ProjectConfigurationPlatforms) = postSolution
		{50C499BA-59D0-4719-A003-F2B8B34F471F}.Debug|Any CPU.ActiveCfg = Debug|Any CPU
		{50C499BA-59D0-4719-A003-F2B8B34F471F}.Debug|Any CPU.Build.0 = Debug|Any CPU
		{50C499BA-59D0-4719-A003-F2B8B34F471F}.Release|Any CPU.ActiveCfg = Release|Any CPU
		{50C499BA-59D0-4719-A003-F2B8B34F471F}.Release|Any CPU.Build.0 = Release|Any CPU
	EndGlobalSection
	GlobalSection(SolutionProperties) = preSolution
		HideSolutionNode = FALSE
	EndGlobalSection
	GlobalSection(ExtensibilityGlobals) = postSolution
		SolutionGuid = {54141570-3C41-4434-A65E-F24005C9BBBC}
	EndGlobalSection
EndGlobal
